
Microsoft Visual Studio Solution File, Format Version 12.00
# Visual Studio 14
VisualStudioVersion = 14.0.25123.0
MinimumVisualStudioVersion = 10.0.40219.1
Project("{8BC9CEB8-8B4A-11D0-8D11-00A0C91BC942}") = "Consumer", "Consumer\Consumer.vcxproj", "{CC67E4A8-0717-4E89-9846-5854E9B58FB8}"
EndProject
Project("{8BC9CEB8-8B4A-11D0-8D11-00A0C91BC942}") = "Publisher", "Publisher\Publisher.vcxproj", "{978BF0BA-0FD7-4FDE-92BD-2370084CC431}"
EndProject
Global
	GlobalSection(SolutionConfigurationPlatforms) = preSolution
		Debug|x64 = Debug|x64
		Debug|x86 = Debug|x86
		Release|x64 = Release|x64
		Release|x86 = Release|x86
	EndGlobalSection
	GlobalSection(ProjectConfigurationPlatforms) = postSolution
		{CC67E4A8-0717-4E89-9846-5854E9B58FB8}.Debug|x64.ActiveCfg = Debug|x64
		{CC67E4A8-0717-4E89-9846-5854E9B58FB8}.Debug|x64.Build.0 = Debug|x64
		{CC67E4A8-0717-4E89-9846-5854E9B58FB8}.Debug|x86.ActiveCfg = Debug|Win32
		{CC67E4A8-0717-4E89-9846-5854E9B58FB8}.Debug|x86.Build.0 = Debug|Win32
		{CC67E4A8-0717-4E89-9846-5854E9B58FB8}.Release|x64.ActiveCfg = Release|x64
		{CC67E4A8-0717-4E89-9846-5854E9B58FB8}.Release|x64.Build.0 = Release|x64
		{CC67E4A8-0717-4E89-9846-5854E9B58FB8}.Release|x86.ActiveCfg = Release|Win32
		{CC67E4A8-0717-4E89-9846-5854E9B58FB8}.Release|x86.Build.0 = Release|Win32
		{978BF0BA-0FD7-4FDE-92BD-2370084CC431}.Debug|x64.ActiveCfg = Debug|x64
		{978BF0BA-0FD7-4FDE-92BD-2370084CC431}.Debug|x64.Build.0 = Debug|x64
		{978BF0BA-0FD7-4FDE-92BD-2370084CC431}.Debug|x86.ActiveCfg = Debug|Win32
		{978BF0BA-0FD7-4FDE-92BD-2370084CC431}.Debug|x86.Build.0 = Debug|Win32
		{978BF0BA-0FD7-4FDE-92BD-2370084CC431}.Release|x64.ActiveCfg = Release|x64
		{978BF0BA-0FD7-4FDE-92BD-2370084CC431}.Release|x64.Build.0 = Release|x64
		{978BF0BA-0FD7-4FDE-92BD-2370084CC431}.Release|x86.ActiveCfg = Release|Win32
		{978BF0BA-0FD7-4FDE-92BD-2370084CC431}.Release|x86.Build.0 = Release|Win32
	EndGlobalSection
	GlobalSection(SolutionProperties) = preSolution
		HideSolutionNode = FALSE
	EndGlobalSection
EndGlobal
